
Microsoft Visual Studio Solution File, Format Version 12.00
# Visual Studio 15
VisualStudioVersion = 15.0.27004.2009
MinimumVisualStudioVersion = 10.0.40219.1
Project("{2150E333-8FDC-42A3-9474-1A3956D46DE8}") = "Solution Items", "Solution Items", "{5EDC9AB7-EEFD-438F-A189-4B47394BC7FE}"
	ProjectSection(SolutionItems) = preProject
		Approve.groovy = Approve.groovy
		Comment.groovy = Comment.groovy
		DeleteUnusedWorkflows.groovy = DeleteUnusedWorkflows.groovy
		Elements.groovy = Elements.groovy
		FieldContext.groovy = FieldContext.groovy
		FieldDelete.groovy = FieldDelete.groovy
		ScriptedJQL.groovy = ScriptedJQL.groovy
		Snippets.groovy = Snippets.groovy
	EndProjectSection
EndProject
Global
	GlobalSection(SolutionProperties) = preSolution
		HideSolutionNode = FALSE
	EndGlobalSection
	GlobalSection(ExtensibilityGlobals) = postSolution
		SolutionGuid = {EC544407-F3DC-4234-B0C6-12E6A026113F}
	EndGlobalSection
EndGlobal
